
Microsoft Visual Studio Solution File, Format Version 12.00
# Visual Studio Version 17
VisualStudioVersion = 17.5.33502.453
MinimumVisualStudioVersion = 10.0.40219.1
Project("{9A19103F-16F7-4668-BE54-9A1E7A4F7556}") = "EquipmentStatusApi", "EquipmentStatusApi\EquipmentStatusApi.csproj", "{D053C947-57CB-4F7B-9ECC-226D370C3BB4}"
EndProject
Project("{9A19103F-16F7-4668-BE54-9A1E7A4F7556}") = "EquipmentStatusApi.Tests", "EquipmentStatusApi.Tests\EquipmentStatusApi.Tests.csproj", "{F8D0BD56-5772-4015-B339-543BA1D941B7}"
EndProject
Global
	GlobalSection(SolutionConfigurationPlatforms) = preSolution
		Debug|Any CPU = Debug|Any CPU
		Release|Any CPU = Release|Any CPU
	EndGlobalSection
	GlobalSection(ProjectConfigurationPlatforms) = postSolution
		{D053C947-57CB-4F7B-9ECC-226D370C3BB4}.Debug|Any CPU.ActiveCfg = Debug|Any CPU
		{D053C947-57CB-4F7B-9ECC-226D370C3BB4}.Debug|Any CPU.Build.0 = Debug|Any CPU
		{D053C947-57CB-4F7B-9ECC-226D370C3BB4}.Release|Any CPU.ActiveCfg = Release|Any CPU
		{D053C947-57CB-4F7B-9ECC-226D370C3BB4}.Release|Any CPU.Build.0 = Release|Any CPU
		{F8D0BD56-5772-4015-B339-543BA1D941B7}.Debug|Any CPU.ActiveCfg = Debug|Any CPU
		{F8D0BD56-5772-4015-B339-543BA1D941B7}.Debug|Any CPU.Build.0 = Debug|Any CPU
		{F8D0BD56-5772-4015-B339-543BA1D941B7}.Release|Any CPU.ActiveCfg = Release|Any CPU
		{F8D0BD56-5772-4015-B339-543BA1D941B7}.Release|Any CPU.Build.0 = Release|Any CPU
	EndGlobalSection
	GlobalSection(SolutionProperties) = preSolution
		HideSolutionNode = FALSE
	EndGlobalSection
	GlobalSection(ExtensibilityGlobals) = postSolution
		SolutionGuid = {9D03EE4F-AEB3-4A0C-BAD6-B0C1C9BB4A6A}
	EndGlobalSection
EndGlobal
